// !$*UTF8*$!
{
	archiveVersion = 1;
	classes = {
	};
	objectVersion = 46;
	objects = {

/* Begin PBXBuildFile section */
		A492A31D1C7B72AB002388D7 /* AppDelegate.swift in Sources */ = {isa = PBXBuildFile; fileRef = A492A31C1C7B72AB002388D7 /* AppDelegate.swift */; };
		A492A31F1C7B72AB002388D7 /* ViewController.swift in Sources */ = {isa = PBXBuildFile; fileRef = A492A31E1C7B72AB002388D7 /* ViewController.swift */; };
		A492A3221C7B72AB002388D7 /* Main.storyboard in Resources */ = {isa = PBXBuildFile; fileRef = A492A3201C7B72AB002388D7 /* Main.storyboard */; };
		A492A3241C7B72AB002388D7 /* Assets.xcassets in Resources */ = {isa = PBXBuildFile; fileRef = A492A3231C7B72AB002388D7 /* Assets.xcassets */; };
		A492A3271C7B72AB002388D7 /* LaunchScreen.storyboard in Resources */ = {isa = PBXBuildFile; fileRef = A492A3251C7B72AB002388D7 /* LaunchScreen.storyboard */; };
		A492A3321C7B72AB002388D7 /* DemoTests.swift in Sources */ = {isa = PBXBuildFile; fileRef = A492A3311C7B72AB002388D7 /* DemoTests.swift */; };
		A492A33D1C7B72AB002388D7 /* DemoUITests.swift in Sources */ = {isa = PBXBuildFile; fileRef = A492A33C1C7B72AB002388D7 /* DemoUITests.swift */; };
/* End PBXBuildFile section */

/* Begin PBXContainerItemProxy section */
		A492A32E1C7B72AB002388D7 /* PBXContainerItemProxy */ = {
			isa = PBXContainerItemProxy;
			containerPortal = A492A3111C7B72AB002388D7 /* Project object */;
			proxyType = 1;
			remoteGlobalIDString = A492A3181C7B72AB002388D7;
			remoteInfo = Demo;
		};
		A492A3391C7B72AB002388D7 /* PBXContainerItemProxy */ = {
			isa = PBXContainerItemProxy;
			containerPortal = A492A3111C7B72AB002388D7 /* Project object */;
			proxyType = 1;
			remoteGlobalIDString = A492A3181C7B72AB002388D7;
			remoteInfo = Demo;
		};
/* End PBXContainerItemProxy section */

/* Begin PBXFileReference section */
		A492A3191C7B72AB002388D7 /* Demo.app */ = {isa = PBXFileReference; explicitFileType = wrapper.application; includeInIndex = 0; path = Demo.app; sourceTree = BUILT_PRODUCTS_DIR; };
		A492A31C1C7B72AB002388D7 /* AppDelegate.swift */ = {isa = PBXFileReference; lastKnownFileType = sourcecode.swift; path = AppDelegate.swift; sourceTree = "<group>"; };
		A492A31E1C7B72AB002388D7 /* ViewController.swift */ = {isa = PBXFileReference; lastKnownFileType = sourcecode.swift; path = ViewController.swift; sourceTree = "<group>"; };
		A492A3211C7B72AB002388D7 /* Base */ = {isa = PBXFileReference; lastKnownFileType = file.storyboard; name = Base; path = Base.lproj/Main.storyboard; sourceTree = "<group>"; };
		A492A3231C7B72AB002388D7 /* Assets.xcassets */ = {isa = PBXFileReference; lastKnownFileType = folder.assetcatalog; path = Assets.xcassets; sourceTree = "<group>"; };
		A492A3261C7B72AB002388D7 /* Base */ = {isa = PBXFileReference; lastKnownFileType = file.storyboard; name = Base; path = Base.lproj/LaunchScreen.storyboard; sourceTree = "<group>"; };
		A492A3281C7B72AB002388D7 /* Info.plist */ = {isa = PBXFileReference; lastKnownFileType = text.plist.xml; path = Info.plist; sourceTree = "<group>"; };
		A492A32D1C7B72AB002388D7 /* DemoTests.xctest */ = {isa = PBXFileReference; explicitFileType = wrapper.cfbundle; includeInIndex = 0; path = DemoTests.xctest; sourceTree = BUILT_PRODUCTS_DIR; };
		A492A3311C7B72AB002388D7 /* DemoTests.swift */ = {isa = PBXFileReference; lastKnownFileType = sourcecode.swift; path = DemoTests.swift; sourceTree = "<group>"; };
		A492A3331C7B72AB002388D7 /* Info.plist */ = {isa = PBXFileReference; lastKnownFileType = text.plist.xml; path = Info.plist; sourceTree = "<group>"; };
		A492A3381C7B72AB002388D7 /* DemoUITests.xctest */ = {isa = PBXFileReference; explicitFileType = wrapper.cfbundle; includeInIndex = 0; path = DemoUITests.xctest; sourceTree = BUILT_PRODUCTS_DIR; };
		A492A33C1C7B72AB002388D7 /* DemoUITests.swift */ = {isa = PBXFileReference; lastKnownFileType = sourcecode.swift; path = DemoUITests.swift; sourceTree = "<group>"; };
		A492A33E1C7B72AB002388D7 /* Info.plist */ = {isa = PBXFileReference; lastKnownFileType = text.plist.xml; path = Info.plist; sourceTree = "<group>"; };
/* End PBXFileReference section */

/* Begin PBXFrameworksBuildPhase section */
		A492A3161C7B72AB002388D7 /* Frameworks */ = {
			isa = PBXFrameworksBuildPhase;
			buildActionMask = 2147483647;
			files = (
			);
			runOnlyForDeploymentPostprocessing = 0;
		};
		A492A32A1C7B72AB002388D7 /* Frameworks */ = {
			isa = PBXFrameworksBuildPhase;
			buildActionMask = 2147483647;
			files = (
			);
			runOnlyForDeploymentPostprocessing = 0;
		};
		A492A3351C7B72AB002388D7 /* Frameworks */ = {
			isa = PBXFrameworksBuildPhase;
			buildActionMask = 2147483647;
			files = (
			);
			runOnlyForDeploymentPostprocessing = 0;
		};
/* End PBXFrameworksBuildPhase section */

/* Begin PBXGroup section */
		A492A3101C7B72AB002388D7 = {
			isa = PBXGroup;
			children = (
				A492A31B1C7B72AB002388D7 /* Demo */,
				A492A3301C7B72AB002388D7 /* DemoTests */,
				A492A33B1C7B72AB002388D7 /* DemoUITests */,
				A492A31A1C7B72AB002388D7 /* Products */,
			);
			sourceTree = "<group>";
		};
		A492A31A1C7B72AB002388D7 /* Products */ = {
			isa = PBXGroup;
			children = (
				A492A3191C7B72AB002388D7 /* Demo.app */,
				A492A32D1C7B72AB002388D7 /* DemoTests.xctest */,
				A492A3381C7B72AB002388D7 /* DemoUITests.xctest */,
			);
			name = Products;
			sourceTree = "<group>";
		};
		A492A31B1C7B72AB002388D7 /* Demo */ = {
			isa = PBXGroup;
			children = (
				A492A31C1C7B72AB002388D7 /* AppDelegate.swift */,
				A492A31E1C7B72AB002388D7 /* ViewController.swift */,
				A492A3201C7B72AB002388D7 /* Main.storyboard */,
				A492A3231C7B72AB002388D7 /* Assets.xcassets */,
				A492A3251C7B72AB002388D7 /* LaunchScreen.storyboard */,
				A492A3281C7B72AB002388D7 /* Info.plist */,
			);
			path = Demo;
			sourceTree = "<group>";
		};
		A492A3301C7B72AB002388D7 /* DemoTests */ = {
			isa = PBXGroup;
			children = (
				A492A3311C7B72AB002388D7 /* DemoTests.swift */,
				A492A3331C7B72AB002388D7 /* Info.plist */,
			);
			path = DemoTests;
			sourceTree = "<group>";
		};
		A492A33B1C7B72AB002388D7 /* DemoUITests */ = {
			isa = PBXGroup;
			children = (
				A492A33C1C7B72AB002388D7 /* DemoUITests.swift */,
				A492A33E1C7B72AB002388D7 /* Info.plist */,
			);
			path = DemoUITests;
			sourceTree = "<group>";
		};
/* End PBXGroup section */

/* Begin PBXNativeTarget section */
		A492A3181C7B72AB002388D7 /* Demo */ = {
			isa = PBXNativeTarget;
			buildConfigurationList = A492A3411C7B72AB002388D7 /* Build configuration list for PBXNativeTarget "Demo" */;
			buildPhases = (
				A492A3151C7B72AB002388D7 /* Sources */,
				A492A3161C7B72AB002388D7 /* Frameworks */,
				A492A3171C7B72AB002388D7 /* Resources */,
			);
			buildRules = (
			);
			dependencies = (
			);
			name = Demo;
			productName = Demo;
			productReference = A492A3191C7B72AB002388D7 /* Demo.app */;
			productType = "com.apple.product-type.application";
		};
		A492A32C1C7B72AB002388D7 /* DemoTests */ = {
			isa = PBXNativeTarget;
			buildConfigurationList = A492A3441C7B72AB002388D7 /* Build configuration list for PBXNativeTarget "DemoTests" */;
			buildPhases = (
				A492A3291C7B72AB002388D7 /* Sources */,
				A492A32A1C7B72AB002388D7 /* Frameworks */,
				A492A32B1C7B72AB002388D7 /* Resources */,
			);
			buildRules = (
			);
			dependencies = (
				A492A32F1C7B72AB002388D7 /* PBXTargetDependency */,
			);
			name = DemoTests;
			productName = DemoTests;
			productReference = A492A32D1C7B72AB002388D7 /* DemoTests.xctest */;
			productType = "com.apple.product-type.bundle.unit-test";
		};
		A492A3371C7B72AB002388D7 /* DemoUITests */ = {
			isa = PBXNativeTarget;
			buildConfigurationList = A492A3471C7B72AB002388D7 /* Build configuration list for PBXNativeTarget "DemoUITests" */;
			buildPhases = (
				A492A3341C7B72AB002388D7 /* Sources */,
				A492A3351C7B72AB002388D7 /* Frameworks */,
				A492A3361C7B72AB002388D7 /* Resources */,
			);
			buildRules = (
			);
			dependencies = (
				A492A33A1C7B72AB002388D7 /* PBXTargetDependency */,
			);
			name = DemoUITests;
			productName = DemoUITests;
			productReference = A492A3381C7B72AB002388D7 /* DemoUITests.xctest */;
			productType = "com.apple.product-type.bundle.ui-testing";
		};
/* End PBXNativeTarget section */

/* Begin PBXProject section */
		A492A3111C7B72AB002388D7 /* Project object */ = {
			isa = PBXProject;
			attributes = {
				LastUpgradeCheck = 0700;
				ORGANIZATIONNAME = arvind;
				TargetAttributes = {
					A492A3181C7B72AB002388D7 = {
						CreatedOnToolsVersion = 7.0;
					};
					A492A32C1C7B72AB002388D7 = {
						CreatedOnToolsVersion = 7.0;
						TestTargetID = A492A3181C7B72AB002388D7;
					};
					A492A3371C7B72AB002388D7 = {
						CreatedOnToolsVersion = 7.0;
						TestTargetID = A492A3181C7B72AB002388D7;
					};
				};
			};
			buildConfigurationList = A492A3141C7B72AB002388D7 /* Build configuration list for PBXProject "Demo" */;
			compatibilityVersion = "Xcode 3.2";
			developmentRegion = English;
			hasScannedForEncodings = 0;
			knownRegions = (
				en,
				Base,
			);
			mainGroup = A492A3101C7B72AB002388D7;
			productRefGroup = A492A31A1C7B72AB002388D7 /* Products */;
			projectDirPath = "";
			projectRoot = "";
			targets = (
				A492A3181C7B72AB002388D7 /* Demo */,
				A492A32C1C7B72AB002388D7 /* DemoTests */,
				A492A3371C7B72AB002388D7 /* DemoUITests */,
			);
		};
/* End PBXProject section */

/* Begin PBXResourcesBuildPhase section */
		A492A3171C7B72AB002388D7 /* Resources */ = {
			isa = PBXResourcesBuildPhase;
			buildActionMask = 2147483647;
			files = (
				A492A3271C7B72AB002388D7 /* LaunchScreen.storyboard in Resources */,
				A492A3241C7B72AB002388D7 /* Assets.xcassets in Resources */,
				A492A3221C7B72AB002388D7 /* Main.storyboard in Resources */,
			);
			runOnlyForDeploymentPostprocessing = 0;
		};
		A492A32B1C7B72AB002388D7 /* Resources */ = {
			isa = PBXResourcesBuildPhase;
			buildActionMask = 2147483647;
			files = (
			);
			runOnlyForDeploymentPostprocessing = 0;
		};
		A492A3361C7B72AB002388D7 /* Resources */ = {
			isa = PBXResourcesBuildPhase;
			buildActionMask = 2147483647;
			files = (
			);
			runOnlyForDeploymentPostprocessing = 0;
		};
/* End PBXResourcesBuildPhase section */

/* Begin PBXSourcesBuildPhase section */
		A492A3151C7B72AB002388D7 /* Sources */ = {
			isa = PBXSourcesBuildPhase;
			buildActionMask = 2147483647;
			files = (
				A492A31F1C7B72AB002388D7 /* ViewController.swift in Sources */,
				A492A31D1C7B72AB002388D7 /* AppDelegate.swift in Sources */,
			);
			runOnlyForDeploymentPostprocessing = 0;
		};
		A492A3291C7B72AB002388D7 /* Sources */ = {
			isa = PBXSourcesBuildPhase;
			buildActionMask = 2147483647;
			files = (
				A492A3321C7B72AB002388D7 /* DemoTests.swift in Sources */,
			);
			runOnlyForDeploymentPostprocessing = 0;
		};
		A492A3341C7B72AB002388D7 /* Sources */ = {
			isa = PBXSourcesBuildPhase;
			buildActionMask = 2147483647;
			files = (
				A492A33D1C7B72AB002388D7 /* DemoUITests.swift in Sources */,
			);
			runOnlyForDeploymentPostprocessing = 0;
		};
/* End PBXSourcesBuildPhase section */

/* Begin PBXTargetDependency section */
		A492A32F1C7B72AB002388D7 /* PBXTargetDependency */ = {
			isa = PBXTargetDependency;
			target = A492A3181C7B72AB002388D7 /* Demo */;
			targetProxy = A492A32E1C7B72AB002388D7 /* PBXContainerItemProxy */;
		};
		A492A33A1C7B72AB002388D7 /* PBXTargetDependency */ = {
			isa = PBXTargetDependency;
			target = A492A3181C7B72AB002388D7 /* Demo */;
			targetProxy = A492A3391C7B72AB002388D7 /* PBXContainerItemProxy */;
		};
/* End PBXTargetDependency section */

/* Begin PBXVariantGroup section */
		A492A3201C7B72AB002388D7 /* Main.storyboard */ = {
			isa = PBXVariantGroup;
			children = (
				A492A3211C7B72AB002388D7 /* Base */,
			);
			name = Main.storyboard;
			sourceTree = "<group>";
		};
		A492A3251C7B72AB002388D7 /* LaunchScreen.storyboard */ = {
			isa = PBXVariantGroup;
			children = (
				A492A3261C7B72AB002388D7 /* Base */,
			);
			name = LaunchScreen.storyboard;
			sourceTree = "<group>";
		};
/* End PBXVariantGroup section */

/* Begin XCBuildConfiguration section */
		A492A33F1C7B72AB002388D7 /* Debug */ = {
			isa = XCBuildConfiguration;
			buildSettings = {
				ALWAYS_SEARCH_USER_PATHS = NO;
				CLANG_CXX_LANGUAGE_STANDARD = "gnu++0x";
				CLANG_CXX_LIBRARY = "libc++";
				CLANG_ENABLE_MODULES = YES;
				CLANG_ENABLE_OBJC_ARC = YES;
				CLANG_WARN_BOOL_CONVERSION = YES;
				CLANG_WARN_CONSTANT_CONVERSION = YES;
				CLANG_WARN_DIRECT_OBJC_ISA_USAGE = YES_ERROR;
				CLANG_WARN_EMPTY_BODY = YES;
				CLANG_WARN_ENUM_CONVERSION = YES;
				CLANG_WARN_INT_CONVERSION = YES;
				CLANG_WARN_OBJC_ROOT_CLASS = YES_ERROR;
				CLANG_WARN_UNREACHABLE_CODE = YES;
				CLANG_WARN__DUPLICATE_METHOD_MATCH = YES;
				"CODE_SIGN_IDENTITY[sdk=iphoneos*]" = "iPhone Developer";
				COPY_PHASE_STRIP = NO;
				DEBUG_INFORMATION_FORMAT = dwarf;
				ENABLE_STRICT_OBJC_MSGSEND = YES;
				ENABLE_TESTABILITY = YES;
				GCC_C_LANGUAGE_STANDARD = gnu99;
				GCC_DYNAMIC_NO_PIC = NO;
				GCC_NO_COMMON_BLOCKS = YES;
				GCC_OPTIMIZATION_LEVEL = 0;
				GCC_PREPROCESSOR_DEFINITIONS = (
					"DEBUG=1",
					"$(inherited)",
				);
				GCC_WARN_64_TO_32_BIT_CONVERSION = YES;
				GCC_WARN_ABOUT_RETURN_TYPE = YES_ERROR;
				GCC_WARN_UNDECLARED_SELECTOR = YES;
				GCC_WARN_UNINITIALIZED_AUTOS = YES_AGGRESSIVE;
				GCC_WARN_UNUSED_FUNCTION = YES;
				GCC_WARN_UNUSED_VARIABLE = YES;
				IPHONEOS_DEPLOYMENT_TARGET = 9.0;
				MTL_ENABLE_DEBUG_INFO = YES;
				ONLY_ACTIVE_ARCH = YES;
				SDKROOT = iphoneos;
				SWIFT_OPTIMIZATION_LEVEL = "-Onone";
				TARGETED_DEVICE_FAMILY = "1,2";
			};
			name = Debug;
		};
		A492A3401C7B72AB002388D7 /* Release */ = {
			isa = XCBuildConfiguration;
			buildSettings = {
				ALWAYS_SEARCH_USER_PATHS = NO;
				CLANG_CXX_LANGUAGE_STANDARD = "gnu++0x";
				CLANG_CXX_LIBRARY = "libc++";
				CLANG_ENABLE_MODULES = YES;
				CLANG_ENABLE_OBJC_ARC = YES;
				CLANG_WARN_BOOL_CONVERSION = YES;
				CLANG_WARN_CONSTANT_CONVERSION = YES;
				CLANG_WARN_DIRECT_OBJC_ISA_USAGE = YES_ERROR;
				CLANG_WARN_EMPTY_BODY = YES;
				CLANG_WARN_ENUM_CONVERSION = YES;
				CLANG_WARN_INT_CONVERSION = YES;
				CLANG_WARN_OBJC_ROOT_CLASS = YES_ERROR;
				CLANG_WARN_UNREACHABLE_CODE = YES;
				CLANG_WARN__DUPLICATE_METHOD_MATCH = YES;
				"CODE_SIGN_IDENTITY[sdk=iphoneos*]" = "iPhone Developer";
				COPY_PHASE_STRIP = NO;
				DEBUG_INFORMATION_FORMAT = "dwarf-with-dsym";
				ENABLE_NS_ASSERTIONS = NO;
				ENABLE_STRICT_OBJC_MSGSEND = YES;
				GCC_C_LANGUAGE_STANDARD = gnu99;
				GCC_NO_COMMON_BLOCKS = YES;
				GCC_WARN_64_TO_32_BIT_CONVERSION = YES;
				GCC_WARN_ABOUT_RETURN_TYPE = YES_ERROR;
				GCC_WARN_UNDECLARED_SELECTOR = YES;
				GCC_WARN_UNINITIALIZED_AUTOS = YES_AGGRESSIVE;
				GCC_WARN_UNUSED_FUNCTION = YES;
				GCC_WARN_UNUSED_VARIABLE = YES;
				IPHONEOS_DEPLOYMENT_TARGET = 9.0;
				MTL_ENABLE_DEBUG_INFO = NO;
				SDKROOT = iphoneos;
				TARGETED_DEVICE_FAMILY = "1,2";
				VALIDATE_PRODUCT = YES;
			};
			name = Release;
		};
		A492A3421C7B72AB002388D7 /* Debug */ = {
			isa = XCBuildConfiguration;
			buildSettings = {
				ASSETCATALOG_COMPILER_APPICON_NAME = AppIcon;
				INFOPLIST_FILE = Demo/Info.plist;
				LD_RUNPATH_SEARCH_PATHS = "$(inherited) @executable_path/Frameworks";
				PRODUCT_BUNDLE_IDENTIFIER = com.appsking.Demo;
				PRODUCT_NAME = "$(TARGET_NAME)";
			};
			name = Debug;
		};
		A492A3431C7B72AB002388D7 /* Release */ = {
			isa = XCBuildConfiguration;
			buildSettings = {
				ASSETCATALOG_COMPILER_APPICON_NAME = AppIcon;
				INFOPLIST_FILE = Demo/Info.plist;
				LD_RUNPATH_SEARCH_PATHS = "$(inherited) @executable_path/Frameworks";
				PRODUCT_BUNDLE_IDENTIFIER = com.appsking.Demo;
				PRODUCT_NAME = "$(TARGET_NAME)";
			};
			name = Release;
		};
		A492A3451C7B72AB002388D7 /* Debug */ = {
			isa = XCBuildConfiguration;
			buildSettings = {
				BUNDLE_LOADER = "$(TEST_HOST)";
				INFOPLIST_FILE = DemoTests/Info.plist;
				LD_RUNPATH_SEARCH_PATHS = "$(inherited) @executable_path/Frameworks @loader_path/Frameworks";
				PRODUCT_BUNDLE_IDENTIFIER = com.appsking.DemoTests;
				PRODUCT_NAME = "$(TARGET_NAME)";
				TEST_HOST = "$(BUILT_PRODUCTS_DIR)/Demo.app/Demo";
			};
			name = Debug;
		};
		A492A3461C7B72AB002388D7 /* Release */ = {
			isa = XCBuildConfiguration;
			buildSettings = {
				BUNDLE_LOADER = "$(TEST_HOST)";
				INFOPLIST_FILE = DemoTests/Info.plist;
				LD_RUNPATH_SEARCH_PATHS = "$(inherited) @executable_path/Frameworks @loader_path/Frameworks";
				PRODUCT_BUNDLE_IDENTIFIER = com.appsking.DemoTests;
				PRODUCT_NAME = "$(TARGET_NAME)";
				TEST_HOST = "$(BUILT_PRODUCTS_DIR)/Demo.app/Demo";
			};
			name = Release;
		};
		A492A3481C7B72AB002388D7 /* Debug */ = {
			isa = XCBuildConfiguration;
			buildSettings = {
				INFOPLIST_FILE = DemoUITests/Info.plist;
				LD_RUNPATH_SEARCH_PATHS = "$(inherited) @executable_path/Frameworks @loader_path/Frameworks";
				PRODUCT_BUNDLE_IDENTIFIER = com.appsking.DemoUITests;
				PRODUCT_NAME = "$(TARGET_NAME)";
				TEST_TARGET_NAME = Demo;
				USES_XCTRUNNER = YES;
			};
			name = Debug;
		};
		A492A3491C7B72AB002388D7 /* Release */ = {
			isa = XCBuildConfiguration;
			buildSettings = {
				INFOPLIST_FILE = DemoUITests/Info.plist;
				LD_RUNPATH_SEARCH_PATHS = "$(inherited) @executable_path/Frameworks @loader_path/Frameworks";
				PRODUCT_BUNDLE_IDENTIFIER = com.appsking.DemoUITests;
				PRODUCT_NAME = "$(TARGET_NAME)";
				TEST_TARGET_NAME = Demo;
				USES_XCTRUNNER = YES;
			};
			name = Release;
		};
/* End XCBuildConfiguration section */

/* Begin XCConfigurationList section */
		A492A3141C7B72AB002388D7 /* Build configuration list for PBXProject "Demo" */ = {
			isa = XCConfigurationList;
			buildConfigurations = (
				A492A33F1C7B72AB002388D7 /* Debug */,
				A492A3401C7B72AB002388D7 /* Release */,
			);
			defaultConfigurationIsVisible = 0;
			defaultConfigurationName = Release;
		};
		A492A3411C7B72AB002388D7 /* Build configuration list for PBXNativeTarget "Demo" */ = {
			isa = XCConfigurationList;
			buildConfigurations = (
				A492A3421C7B72AB002388D7 /* Debug */,
				A492A3431C7B72AB002388D7 /* Release */,
			);
			defaultConfigurationIsVisible = 0;
		};
		A492A3441C7B72AB002388D7 /* Build configuration list for PBXNativeTarget "DemoTests" */ = {
			isa = XCConfigurationList;
			buildConfigurations = (
				A492A3451C7B72AB002388D7 /* Debug */,
				A492A3461C7B72AB002388D7 /* Release */,
			);
			defaultConfigurationIsVisible = 0;
		};
		A492A3471C7B72AB002388D7 /* Build configuration list for PBXNativeTarget "DemoUITests" */ = {
			isa = XCConfigurationList;
			buildConfigurations = (
				A492A3481C7B72AB002388D7 /* Debug */,
				A492A3491C7B72AB002388D7 /* Release */,
			);
			defaultConfigurationIsVisible = 0;
		};
/* End XCConfigurationList section */
	};
	rootObject = A492A3111C7B72AB002388D7 /* Project object */;
}
